
Microsoft Visual Studio Solution File, Format Version 12.00
# Visual Studio 15
VisualStudioVersion = 15.0.28010.2016
MinimumVisualStudioVersion = 10.0.40219.1
Project("{FAE04EC0-301F-11D3-BF4B-00C04F79EFBC}") = "LandBasedAirCorpsPlugin", "LandBasedAirCorpsPlugin\LandBasedAirCorpsPlugin.csproj", "{6D0D4E8A-DD42-4883-90F1-B4F505160C6A}"
EndProject
Project("{FAE04EC0-301F-11D3-BF4B-00C04F79EFBC}") = "KanColleWrapper", "KanColleViewer\source\Grabacr07.KanColleWrapper\KanColleWrapper.csproj", "{0BC8CF79-76D9-46AD-867F-FEC6C6AD4594}"
EndProject
Project("{FAE04EC0-301F-11D3-BF4B-00C04F79EFBC}") = "MetroTrilithon", "KanColleViewer\source\MetroTrilithon\source\MetroTrilithon\MetroTrilithon.csproj", "{DF381709-9F44-44ED-A7D6-ECDF157E620D}"
EndProject
Project("{FAE04EC0-301F-11D3-BF4B-00C04F79EFBC}") = "MetroTrilithon.Desktop", "KanColleViewer\source\MetroTrilithon\source\MetroTrilithon.Desktop\MetroTrilithon.Desktop.csproj", "{4E2EB2E0-E5FE-4FEB-A3E5-5F2F05CD1A67}"
EndProject
Project("{FAE04EC0-301F-11D3-BF4B-00C04F79EFBC}") = "RetroTrilithon.Desktop", "KanColleViewer\source\MetroTrilithon\source\RetroTrilithon.Desktop\RetroTrilithon.Desktop.csproj", "{75A62817-2F64-4179-939C-B28914BDC566}"
EndProject
Project("{FAE04EC0-301F-11D3-BF4B-00C04F79EFBC}") = "MetroRadiance", "KanColleViewer\source\MetroRadiance\source\MetroRadiance\MetroRadiance.csproj", "{0AF0B9FF-D981-4D0F-A41F-C3AB6FE2F16D}"
EndProject
Project("{FAE04EC0-301F-11D3-BF4B-00C04F79EFBC}") = "MetroRadiance.Chrome", "KanColleViewer\source\MetroRadiance\source\MetroRadiance.Chrome\MetroRadiance.Chrome.csproj", "{21B4AD15-D9FA-4873-BFAD-1EEEFBC6C264}"
EndProject
Project("{FAE04EC0-301F-11D3-BF4B-00C04F79EFBC}") = "MetroRadiance.Core", "KanColleViewer\source\MetroRadiance\source\MetroRadiance.Core\MetroRadiance.Core.csproj", "{A6B0A741-5BE0-479D-B813-E65672350057}"
EndProject
Project("{FAE04EC0-301F-11D3-BF4B-00C04F79EFBC}") = "RetroRadiance", "KanColleViewer\source\MetroRadiance\source\RetroRadiance\RetroRadiance.csproj", "{7F898B3A-DA17-4CAB-B387-5629B5FACA49}"
EndProject
Project("{FAE04EC0-301F-11D3-BF4B-00C04F79EFBC}") = "KanColleViewer.Controls", "KanColleViewer\source\Grabacr07.KanColleViewer.Controls\KanColleViewer.Controls.csproj", "{978239D0-3129-4C54-AAC6-493F0DE48BF5}"
EndProject
Project("{FAE04EC0-301F-11D3-BF4B-00C04F79EFBC}") = "KanColleViewer", "KanColleViewer\source\Grabacr07.KanColleViewer\KanColleViewer.csproj", "{C5F0111F-3F68-4A74-BB20-BB762564D080}"
EndProject
Project("{FAE04EC0-301F-11D3-BF4B-00C04F79EFBC}") = "KanColleViewer.Composition", "KanColleViewer\source\Grabacr07.KanColleViewer.Composition\KanColleViewer.Composition.csproj", "{CC139E98-D847-41DA-B20F-8ACA4564F375}"
EndProject
Global
	GlobalSection(SolutionConfigurationPlatforms) = preSolution
		Debug|Any CPU = Debug|Any CPU
		Debug|x64 = Debug|x64
		Debug|x86 = Debug|x86
		Release (beta)|Any CPU = Release (beta)|Any CPU
		Release (beta)|x64 = Release (beta)|x64
		Release (beta)|x86 = Release (beta)|x86
		Release RETRO|Any CPU = Release RETRO|Any CPU
		Release RETRO|x64 = Release RETRO|x64
		Release RETRO|x86 = Release RETRO|x86
		Release|Any CPU = Release|Any CPU
		Release|x64 = Release|x64
		Release|x86 = Release|x86
	EndGlobalSection
	GlobalSection(ProjectConfigurationPlatforms) = postSolution
		{6D0D4E8A-DD42-4883-90F1-B4F505160C6A}.Debug|Any CPU.ActiveCfg = Debug|Any CPU
		{6D0D4E8A-DD42-4883-90F1-B4F505160C6A}.Debug|Any CPU.Build.0 = Debug|Any CPU
		{6D0D4E8A-DD42-4883-90F1-B4F505160C6A}.Debug|x64.ActiveCfg = Debug|Any CPU
		{6D0D4E8A-DD42-4883-90F1-B4F505160C6A}.Debug|x64.Build.0 = Debug|Any CPU
		{6D0D4E8A-DD42-4883-90F1-B4F505160C6A}.Debug|x86.ActiveCfg = Debug|Any CPU
		{6D0D4E8A-DD42-4883-90F1-B4F505160C6A}.Debug|x86.Build.0 = Debug|Any CPU
		{6D0D4E8A-DD42-4883-90F1-B4F505160C6A}.Release (beta)|Any CPU.ActiveCfg = Release|Any CPU
		{6D0D4E8A-DD42-4883-90F1-B4F505160C6A}.Release (beta)|Any CPU.Build.0 = Release|Any CPU
		{6D0D4E8A-DD42-4883-90F1-B4F505160C6A}.Release (beta)|x64.ActiveCfg = Release|Any CPU
		{6D0D4E8A-DD42-4883-90F1-B4F505160C6A}.Release (beta)|x64.Build.0 = Release|Any CPU
		{6D0D4E8A-DD42-4883-90F1-B4F505160C6A}.Release (beta)|x86.ActiveCfg = Debug|Any CPU
		{6D0D4E8A-DD42-4883-90F1-B4F505160C6A}.Release (beta)|x86.Build.0 = Debug|Any CPU
		{6D0D4E8A-DD42-4883-90F1-B4F505160C6A}.Release RETRO|Any CPU.ActiveCfg = Release|Any CPU
		{6D0D4E8A-DD42-4883-90F1-B4F505160C6A}.Release RETRO|Any CPU.Build.0 = Release|Any CPU
		{6D0D4E8A-DD42-4883-90F1-B4F505160C6A}.Release RETRO|x64.ActiveCfg = Release|Any CPU
		{6D0D4E8A-DD42-4883-90F1-B4F505160C6A}.Release RETRO|x64.Build.0 = Release|Any CPU
		{6D0D4E8A-DD42-4883-90F1-B4F505160C6A}.Release RETRO|x86.ActiveCfg = Debug|Any CPU
		{6D0D4E8A-DD42-4883-90F1-B4F505160C6A}.Release RETRO|x86.Build.0 = Debug|Any CPU
		{6D0D4E8A-DD42-4883-90F1-B4F505160C6A}.Release|Any CPU.ActiveCfg = Release|Any CPU
		{6D0D4E8A-DD42-4883-90F1-B4F505160C6A}.Release|Any CPU.Build.0 = Release|Any CPU
		{6D0D4E8A-DD42-4883-90F1-B4F505160C6A}.Release|x64.ActiveCfg = Release|Any CPU
		{6D0D4E8A-DD42-4883-90F1-B4F505160C6A}.Release|x64.Build.0 = Release|Any CPU
		{6D0D4E8A-DD42-4883-90F1-B4F505160C6A}.Release|x86.ActiveCfg = Debug|Any CPU
		{6D0D4E8A-DD42-4883-90F1-B4F505160C6A}.Release|x86.Build.0 = Debug|Any CPU
		{0BC8CF79-76D9-46AD-867F-FEC6C6AD4594}.Debug|Any CPU.ActiveCfg = Debug|Any CPU
		{0BC8CF79-76D9-46AD-867F-FEC6C6AD4594}.Debug|Any CPU.Build.0 = Debug|Any CPU
		{0BC8CF79-76D9-46AD-867F-FEC6C6AD4594}.Debug|x64.ActiveCfg = Debug|Any CPU
		{0BC8CF79-76D9-46AD-867F-FEC6C6AD4594}.Debug|x64.Build.0 = Debug|Any CPU
		{0BC8CF79-76D9-46AD-867F-FEC6C6AD4594}.Debug|x86.ActiveCfg = Debug|Any CPU
		{0BC8CF79-76D9-46AD-867F-FEC6C6AD4594}.Debug|x86.Build.0 = Debug|Any CPU
		{0BC8CF79-76D9-46AD-867F-FEC6C6AD4594}.Release (beta)|Any CPU.ActiveCfg = Release (beta)|Any CPU
		{0BC8CF79-76D9-46AD-867F-FEC6C6AD4594}.Release (beta)|Any CPU.Build.0 = Release (beta)|Any CPU
		{0BC8CF79-76D9-46AD-867F-FEC6C6AD4594}.Release (beta)|x64.ActiveCfg = Release (beta)|Any CPU
		{0BC8CF79-76D9-46AD-867F-FEC6C6AD4594}.Release (beta)|x64.Build.0 = Release (beta)|Any CPU
		{0BC8CF79-76D9-46AD-867F-FEC6C6AD4594}.Release (beta)|x86.ActiveCfg = Debug|Any CPU
		{0BC8CF79-76D9-46AD-867F-FEC6C6AD4594}.Release (beta)|x86.Build.0 = Debug|Any CPU
		{0BC8CF79-76D9-46AD-867F-FEC6C6AD4594}.Release RETRO|Any CPU.ActiveCfg = Release|Any CPU
		{0BC8CF79-76D9-46AD-867F-FEC6C6AD4594}.Release RETRO|Any CPU.Build.0 = Release|Any CPU
		{0BC8CF79-76D9-46AD-867F-FEC6C6AD4594}.Release RETRO|x64.ActiveCfg = Release (beta)|Any CPU
		{0BC8CF79-76D9-46AD-867F-FEC6C6AD4594}.Release RETRO|x64.Build.0 = Release (beta)|Any CPU
		{0BC8CF79-76D9-46AD-867F-FEC6C6AD4594}.Release RETRO|x86.ActiveCfg = Debug|Any CPU
		{0BC8CF79-76D9-46AD-867F-FEC6C6AD4594}.Release RETRO|x86.Build.0 = Debug|Any CPU
		{0BC8CF79-76D9-46AD-867F-FEC6C6AD4594}.Release|Any CPU.ActiveCfg = Release|Any CPU
		{0BC8CF79-76D9-46AD-867F-FEC6C6AD4594}.Release|Any CPU.Build.0 = Release|Any CPU
		{0BC8CF79-76D9-46AD-867F-FEC6C6AD4594}.Release|x64.ActiveCfg = Release|Any CPU
		{0BC8CF79-76D9-46AD-867F-FEC6C6AD4594}.Release|x64.Build.0 = Release|Any CPU
		{0BC8CF79-76D9-46AD-867F-FEC6C6AD4594}.Release|x86.ActiveCfg = Debug|Any CPU
		{0BC8CF79-76D9-46AD-867F-FEC6C6AD4594}.Release|x86.Build.0 = Debug|Any CPU
		{DF381709-9F44-44ED-A7D6-ECDF157E620D}.Debug|Any CPU.ActiveCfg = Debug|Any CPU
		{DF381709-9F44-44ED-A7D6-ECDF157E620D}.Debug|Any CPU.Build.0 = Debug|Any CPU
		{DF381709-9F44-44ED-A7D6-ECDF157E620D}.Debug|x64.ActiveCfg = Debug|Any CPU
		{DF381709-9F44-44ED-A7D6-ECDF157E620D}.Debug|x64.Build.0 = Debug|Any CPU
		{DF381709-9F44-44ED-A7D6-ECDF157E620D}.Debug|x86.ActiveCfg = Debug|Any CPU
		{DF381709-9F44-44ED-A7D6-ECDF157E620D}.Debug|x86.Build.0 = Debug|Any CPU
		{DF381709-9F44-44ED-A7D6-ECDF157E620D}.Release (beta)|Any CPU.ActiveCfg = Release|Any CPU
		{DF381709-9F44-44ED-A7D6-ECDF157E620D}.Release (beta)|Any CPU.Build.0 = Release|Any CPU
		{DF381709-9F44-44ED-A7D6-ECDF157E620D}.Release (beta)|x64.ActiveCfg = Release|Any CPU
		{DF381709-9F44-44ED-A7D6-ECDF157E620D}.Release (beta)|x64.Build.0 = Release|Any CPU
		{DF381709-9F44-44ED-A7D6-ECDF157E620D}.Release (beta)|x86.ActiveCfg = Debug|Any CPU
		{DF381709-9F44-44ED-A7D6-ECDF157E620D}.Release (beta)|x86.Build.0 = Debug|Any CPU
		{DF381709-9F44-44ED-A7D6-ECDF157E620D}.Release RETRO|Any CPU.ActiveCfg = Release|Any CPU
		{DF381709-9F44-44ED-A7D6-ECDF157E620D}.Release RETRO|Any CPU.Build.0 = Release|Any CPU
		{DF381709-9F44-44ED-A7D6-ECDF157E620D}.Release RETRO|x64.ActiveCfg = Release|Any CPU
		{DF381709-9F44-44ED-A7D6-ECDF157E620D}.Release RETRO|x64.Build.0 = Release|Any CPU
		{DF381709-9F44-44ED-A7D6-ECDF157E620D}.Release RETRO|x86.ActiveCfg = Debug|Any CPU
		{DF381709-9F44-44ED-A7D6-ECDF157E620D}.Release RETRO|x86.Build.0 = Debug|Any CPU
		{DF381709-9F44-44ED-A7D6-ECDF157E620D}.Release|Any CPU.ActiveCfg = Release|Any CPU
		{DF381709-9F44-44ED-A7D6-ECDF157E620D}.Release|Any CPU.Build.0 = Release|Any CPU
		{DF381709-9F44-44ED-A7D6-ECDF157E620D}.Release|x64.ActiveCfg = Release|Any CPU
		{DF381709-9F44-44ED-A7D6-ECDF157E620D}.Release|x64.Build.0 = Release|Any CPU
		{DF381709-9F44-44ED-A7D6-ECDF157E620D}.Release|x86.ActiveCfg = Debug|Any CPU
		{DF381709-9F44-44ED-A7D6-ECDF157E620D}.Release|x86.Build.0 = Debug|Any CPU
		{4E2EB2E0-E5FE-4FEB-A3E5-5F2F05CD1A67}.Debug|Any CPU.ActiveCfg = Debug|Any CPU
		{4E2EB2E0-E5FE-4FEB-A3E5-5F2F05CD1A67}.Debug|Any CPU.Build.0 = Debug|Any CPU
		{4E2EB2E0-E5FE-4FEB-A3E5-5F2F05CD1A67}.Debug|x64.ActiveCfg = Debug|Any CPU
		{4E2EB2E0-E5FE-4FEB-A3E5-5F2F05CD1A67}.Debug|x64.Build.0 = Debug|Any CPU
		{4E2EB2E0-E5FE-4FEB-A3E5-5F2F05CD1A67}.Debug|x86.ActiveCfg = Debug|Any CPU
		{4E2EB2E0-E5FE-4FEB-A3E5-5F2F05CD1A67}.Debug|x86.Build.0 = Debug|Any CPU
		{4E2EB2E0-E5FE-4FEB-A3E5-5F2F05CD1A67}.Release (beta)|Any CPU.ActiveCfg = Release|Any CPU
		{4E2EB2E0-E5FE-4FEB-A3E5-5F2F05CD1A67}.Release (beta)|Any CPU.Build.0 = Release|Any CPU
		{4E2EB2E0-E5FE-4FEB-A3E5-5F2F05CD1A67}.Release (beta)|x64.ActiveCfg = Release RETRO|Any CPU
		{4E2EB2E0-E5FE-4FEB-A3E5-5F2F05CD1A67}.Release (beta)|x64.Build.0 = Release RETRO|Any CPU
		{4E2EB2E0-E5FE-4FEB-A3E5-5F2F05CD1A67}.Release (beta)|x86.ActiveCfg = Debug|Any CPU
		{4E2EB2E0-E5FE-4FEB-A3E5-5F2F05CD1A67}.Release (beta)|x86.Build.0 = Debug|Any CPU
		{4E2EB2E0-E5FE-4FEB-A3E5-5F2F05CD1A67}.Release RETRO|Any CPU.ActiveCfg = Release RETRO|Any CPU
		{4E2EB2E0-E5FE-4FEB-A3E5-5F2F05CD1A67}.Release RETRO|Any CPU.Build.0 = Release RETRO|Any CPU
		{4E2EB2E0-E5FE-4FEB-A3E5-5F2F05CD1A67}.Release RETRO|x64.ActiveCfg = Release RETRO|Any CPU
		{4E2EB2E0-E5FE-4FEB-A3E5-5F2F05CD1A67}.Release RETRO|x64.Build.0 = Release RETRO|Any CPU
		{4E2EB2E0-E5FE-4FEB-A3E5-5F2F05CD1A67}.Release RETRO|x86.ActiveCfg = Debug|Any CPU
		{4E2EB2E0-E5FE-4FEB-A3E5-5F2F05CD1A67}.Release RETRO|x86.Build.0 = Debug|Any CPU
		{4E2EB2E0-E5FE-4FEB-A3E5-5F2F05CD1A67}.Release|Any CPU.ActiveCfg = Release|Any CPU
		{4E2EB2E0-E5FE-4FEB-A3E5-5F2F05CD1A67}.Release|Any CPU.Build.0 = Release|Any CPU
		{4E2EB2E0-E5FE-4FEB-A3E5-5F2F05CD1A67}.Release|x64.ActiveCfg = Release|Any CPU
		{4E2EB2E0-E5FE-4FEB-A3E5-5F2F05CD1A67}.Release|x64.Build.0 = Release|Any CPU
		{4E2EB2E0-E5FE-4FEB-A3E5-5F2F05CD1A67}.Release|x86.ActiveCfg = Debug|Any CPU
		{4E2EB2E0-E5FE-4FEB-A3E5-5F2F05CD1A67}.Release|x86.Build.0 = Debug|Any CPU
		{75A62817-2F64-4179-939C-B28914BDC566}.Debug|Any CPU.ActiveCfg = Debug|Any CPU
		{75A62817-2F64-4179-939C-B28914BDC566}.Debug|Any CPU.Build.0 = Debug|Any CPU
		{75A62817-2F64-4179-939C-B28914BDC566}.Debug|x64.ActiveCfg = Debug|Any CPU
		{75A62817-2F64-4179-939C-B28914BDC566}.Debug|x64.Build.0 = Debug|Any CPU
		{75A62817-2F64-4179-939C-B28914BDC566}.Debug|x86.ActiveCfg = Debug|Any CPU
		{75A62817-2F64-4179-939C-B28914BDC566}.Debug|x86.Build.0 = Debug|Any CPU
		{75A62817-2F64-4179-939C-B28914BDC566}.Release (beta)|Any CPU.ActiveCfg = Release|Any CPU
		{75A62817-2F64-4179-939C-B28914BDC566}.Release (beta)|x64.ActiveCfg = Release|Any CPU
		{75A62817-2F64-4179-939C-B28914BDC566}.Release (beta)|x64.Build.0 = Release|Any CPU
		{75A62817-2F64-4179-939C-B28914BDC566}.Release (beta)|x86.ActiveCfg = Debug|Any CPU
		{75A62817-2F64-4179-939C-B28914BDC566}.Release (beta)|x86.Build.0 = Debug|Any CPU
		{75A62817-2F64-4179-939C-B28914BDC566}.Release RETRO|Any CPU.ActiveCfg = Release|Any CPU
		{75A62817-2F64-4179-939C-B28914BDC566}.Release RETRO|x64.ActiveCfg = Release|Any CPU
		{75A62817-2F64-4179-939C-B28914BDC566}.Release RETRO|x64.Build.0 = Release|Any CPU
		{75A62817-2F64-4179-939C-B28914BDC566}.Release RETRO|x86.ActiveCfg = Debug|Any CPU
		{75A62817-2F64-4179-939C-B28914BDC566}.Release RETRO|x86.Build.0 = Debug|Any CPU
		{75A62817-2F64-4179-939C-B28914BDC566}.Release|Any CPU.ActiveCfg = Release|Any CPU
		{75A62817-2F64-4179-939C-B28914BDC566}.Release|x64.ActiveCfg = Release|Any CPU
		{75A62817-2F64-4179-939C-B28914BDC566}.Release|x64.Build.0 = Release|Any CPU
		{75A62817-2F64-4179-939C-B28914BDC566}.Release|x86.ActiveCfg = Debug|Any CPU
		{75A62817-2F64-4179-939C-B28914BDC566}.Release|x86.Build.0 = Debug|Any CPU
		{0AF0B9FF-D981-4D0F-A41F-C3AB6FE2F16D}.Debug|Any CPU.ActiveCfg = Debug|Any CPU
		{0AF0B9FF-D981-4D0F-A41F-C3AB6FE2F16D}.Debug|Any CPU.Build.0 = Debug|Any CPU
		{0AF0B9FF-D981-4D0F-A41F-C3AB6FE2F16D}.Debug|x64.ActiveCfg = Debug|Any CPU
		{0AF0B9FF-D981-4D0F-A41F-C3AB6FE2F16D}.Debug|x64.Build.0 = Debug|Any CPU
		{0AF0B9FF-D981-4D0F-A41F-C3AB6FE2F16D}.Debug|x86.ActiveCfg = Debug|Any CPU
		{0AF0B9FF-D981-4D0F-A41F-C3AB6FE2F16D}.Debug|x86.Build.0 = Debug|Any CPU
		{0AF0B9FF-D981-4D0F-A41F-C3AB6FE2F16D}.Release (beta)|Any CPU.ActiveCfg = Release|Any CPU
		{0AF0B9FF-D981-4D0F-A41F-C3AB6FE2F16D}.Release (beta)|Any CPU.Build.0 = Release|Any CPU
		{0AF0B9FF-D981-4D0F-A41F-C3AB6FE2F16D}.Release (beta)|x64.ActiveCfg = Release RETRO|Any CPU
		{0AF0B9FF-D981-4D0F-A41F-C3AB6FE2F16D}.Release (beta)|x64.Build.0 = Release RETRO|Any CPU
		{0AF0B9FF-D981-4D0F-A41F-C3AB6FE2F16D}.Release (beta)|x86.ActiveCfg = Debug|Any CPU
		{0AF0B9FF-D981-4D0F-A41F-C3AB6FE2F16D}.Release (beta)|x86.Build.0 = Debug|Any CPU
		{0AF0B9FF-D981-4D0F-A41F-C3AB6FE2F16D}.Release RETRO|Any CPU.ActiveCfg = Release RETRO|Any CPU
		{0AF0B9FF-D981-4D0F-A41F-C3AB6FE2F16D}.Release RETRO|Any CPU.Build.0 = Release RETRO|Any CPU
		{0AF0B9FF-D981-4D0F-A41F-C3AB6FE2F16D}.Release RETRO|x64.ActiveCfg = Release RETRO|Any CPU
		{0AF0B9FF-D981-4D0F-A41F-C3AB6FE2F16D}.Release RETRO|x64.Build.0 = Release RETRO|Any CPU
		{0AF0B9FF-D981-4D0F-A41F-C3AB6FE2F16D}.Release RETRO|x86.ActiveCfg = Debug|Any CPU
		{0AF0B9FF-D981-4D0F-A41F-C3AB6FE2F16D}.Release RETRO|x86.Build.0 = Debug|Any CPU
		{0AF0B9FF-D981-4D0F-A41F-C3AB6FE2F16D}.Release|Any CPU.ActiveCfg = Release|Any CPU
		{0AF0B9FF-D981-4D0F-A41F-C3AB6FE2F16D}.Release|Any CPU.Build.0 = Release|Any CPU
		{0AF0B9FF-D981-4D0F-A41F-C3AB6FE2F16D}.Release|x64.ActiveCfg = Release|Any CPU
		{0AF0B9FF-D981-4D0F-A41F-C3AB6FE2F16D}.Release|x64.Build.0 = Release|Any CPU
		{0AF0B9FF-D981-4D0F-A41F-C3AB6FE2F16D}.Release|x86.ActiveCfg = Debug|Any CPU
		{0AF0B9FF-D981-4D0F-A41F-C3AB6FE2F16D}.Release|x86.Build.0 = Debug|Any CPU
		{21B4AD15-D9FA-4873-BFAD-1EEEFBC6C264}.Debug|Any CPU.ActiveCfg = Debug|Any CPU
		{21B4AD15-D9FA-4873-BFAD-1EEEFBC6C264}.Debug|Any CPU.Build.0 = Debug|Any CPU
		{21B4AD15-D9FA-4873-BFAD-1EEEFBC6C264}.Debug|x64.ActiveCfg = Debug|Any CPU
		{21B4AD15-D9FA-4873-BFAD-1EEEFBC6C264}.Debug|x64.Build.0 = Debug|Any CPU
		{21B4AD15-D9FA-4873-BFAD-1EEEFBC6C264}.Debug|x86.ActiveCfg = Debug|Any CPU
		{21B4AD15-D9FA-4873-BFAD-1EEEFBC6C264}.Debug|x86.Build.0 = Debug|Any CPU
		{21B4AD15-D9FA-4873-BFAD-1EEEFBC6C264}.Release (beta)|Any CPU.ActiveCfg = Release|Any CPU
		{21B4AD15-D9FA-4873-BFAD-1EEEFBC6C264}.Release (beta)|Any CPU.Build.0 = Release|Any CPU
		{21B4AD15-D9FA-4873-BFAD-1EEEFBC6C264}.Release (beta)|x64.ActiveCfg = Release|Any CPU
		{21B4AD15-D9FA-4873-BFAD-1EEEFBC6C264}.Release (beta)|x64.Build.0 = Release|Any CPU
		{21B4AD15-D9FA-4873-BFAD-1EEEFBC6C264}.Release (beta)|x86.ActiveCfg = Debug|Any CPU
		{21B4AD15-D9FA-4873-BFAD-1EEEFBC6C264}.Release (beta)|x86.Build.0 = Debug|Any CPU
		{21B4AD15-D9FA-4873-BFAD-1EEEFBC6C264}.Release RETRO|Any CPU.ActiveCfg = Release|Any CPU
		{21B4AD15-D9FA-4873-BFAD-1EEEFBC6C264}.Release RETRO|Any CPU.Build.0 = Release|Any CPU
		{21B4AD15-D9FA-4873-BFAD-1EEEFBC6C264}.Release RETRO|x64.ActiveCfg = Release|Any CPU
		{21B4AD15-D9FA-4873-BFAD-1EEEFBC6C264}.Release RETRO|x64.Build.0 = Release|Any CPU
		{21B4AD15-D9FA-4873-BFAD-1EEEFBC6C264}.Release RETRO|x86.ActiveCfg = Debug|Any CPU
		{21B4AD15-D9FA-4873-BFAD-1EEEFBC6C264}.Release RETRO|x86.Build.0 = Debug|Any CPU
		{21B4AD15-D9FA-4873-BFAD-1EEEFBC6C264}.Release|Any CPU.ActiveCfg = Release|Any CPU
		{21B4AD15-D9FA-4873-BFAD-1EEEFBC6C264}.Release|Any CPU.Build.0 = Release|Any CPU
		{21B4AD15-D9FA-4873-BFAD-1EEEFBC6C264}.Release|x64.ActiveCfg = Release|Any CPU
		{21B4AD15-D9FA-4873-BFAD-1EEEFBC6C264}.Release|x64.Build.0 = Release|Any CPU
		{21B4AD15-D9FA-4873-BFAD-1EEEFBC6C264}.Release|x86.ActiveCfg = Debug|Any CPU
		{21B4AD15-D9FA-4873-BFAD-1EEEFBC6C264}.Release|x86.Build.0 = Debug|Any CPU
		{A6B0A741-5BE0-479D-B813-E65672350057}.Debug|Any CPU.ActiveCfg = Debug|Any CPU
		{A6B0A741-5BE0-479D-B813-E65672350057}.Debug|Any CPU.Build.0 = Debug|Any CPU
		{A6B0A741-5BE0-479D-B813-E65672350057}.Debug|x64.ActiveCfg = Debug|Any CPU
		{A6B0A741-5BE0-479D-B813-E65672350057}.Debug|x64.Build.0 = Debug|Any CPU
		{A6B0A741-5BE0-479D-B813-E65672350057}.Debug|x86.ActiveCfg = Debug|Any CPU
		{A6B0A741-5BE0-479D-B813-E65672350057}.Debug|x86.Build.0 = Debug|Any CPU
		{A6B0A741-5BE0-479D-B813-E65672350057}.Release (beta)|Any CPU.ActiveCfg = Release|Any CPU
		{A6B0A741-5BE0-479D-B813-E65672350057}.Release (beta)|Any CPU.Build.0 = Release|Any CPU
		{A6B0A741-5BE0-479D-B813-E65672350057}.Release (beta)|x64.ActiveCfg = Release|Any CPU
		{A6B0A741-5BE0-479D-B813-E65672350057}.Release (beta)|x64.Build.0 = Release|Any CPU
		{A6B0A741-5BE0-479D-B813-E65672350057}.Release (beta)|x86.ActiveCfg = Debug|Any CPU
		{A6B0A741-5BE0-479D-B813-E65672350057}.Release (beta)|x86.Build.0 = Debug|Any CPU
		{A6B0A741-5BE0-479D-B813-E65672350057}.Release RETRO|Any CPU.ActiveCfg = Release|Any CPU
		{A6B0A741-5BE0-479D-B813-E65672350057}.Release RETRO|Any CPU.Build.0 = Release|Any CPU
		{A6B0A741-5BE0-479D-B813-E65672350057}.Release RETRO|x64.ActiveCfg = Release|Any CPU
		{A6B0A741-5BE0-479D-B813-E65672350057}.Release RETRO|x64.Build.0 = Release|Any CPU
		{A6B0A741-5BE0-479D-B813-E65672350057}.Release RETRO|x86.ActiveCfg = Debug|Any CPU
		{A6B0A741-5BE0-479D-B813-E65672350057}.Release RETRO|x86.Build.0 = Debug|Any CPU
		{A6B0A741-5BE0-479D-B813-E65672350057}.Release|Any CPU.ActiveCfg = Release|Any CPU
		{A6B0A741-5BE0-479D-B813-E65672350057}.Release|Any CPU.Build.0 = Release|Any CPU
		{A6B0A741-5BE0-479D-B813-E65672350057}.Release|x64.ActiveCfg = Release|Any CPU
		{A6B0A741-5BE0-479D-B813-E65672350057}.Release|x64.Build.0 = Release|Any CPU
		{A6B0A741-5BE0-479D-B813-E65672350057}.Release|x86.ActiveCfg = Debug|Any CPU
		{A6B0A741-5BE0-479D-B813-E65672350057}.Release|x86.Build.0 = Debug|Any CPU
		{7F898B3A-DA17-4CAB-B387-5629B5FACA49}.Debug|Any CPU.ActiveCfg = Debug|Any CPU
		{7F898B3A-DA17-4CAB-B387-5629B5FACA49}.Debug|Any CPU.Build.0 = Debug|Any CPU
		{7F898B3A-DA17-4CAB-B387-5629B5FACA49}.Debug|x64.ActiveCfg = Debug|Any CPU
		{7F898B3A-DA17-4CAB-B387-5629B5FACA49}.Debug|x64.Build.0 = Debug|Any CPU
		{7F898B3A-DA17-4CAB-B387-5629B5FACA49}.Debug|x86.ActiveCfg = Debug|Any CPU
		{7F898B3A-DA17-4CAB-B387-5629B5FACA49}.Debug|x86.Build.0 = Debug|Any CPU
		{7F898B3A-DA17-4CAB-B387-5629B5FACA49}.Release (beta)|Any CPU.ActiveCfg = Release|Any CPU
		{7F898B3A-DA17-4CAB-B387-5629B5FACA49}.Release (beta)|x64.ActiveCfg = Release|Any CPU
		{7F898B3A-DA17-4CAB-B387-5629B5FACA49}.Release (beta)|x64.Build.0 = Release|Any CPU
		{7F898B3A-DA17-4CAB-B387-5629B5FACA49}.Release (beta)|x86.ActiveCfg = Debug|Any CPU
		{7F898B3A-DA17-4CAB-B387-5629B5FACA49}.Release (beta)|x86.Build.0 = Debug|Any CPU
		{7F898B3A-DA17-4CAB-B387-5629B5FACA49}.Release RETRO|Any CPU.ActiveCfg = Release|Any CPU
		{7F898B3A-DA17-4CAB-B387-5629B5FACA49}.Release RETRO|x64.ActiveCfg = Release|Any CPU
		{7F898B3A-DA17-4CAB-B387-5629B5FACA49}.Release RETRO|x64.Build.0 = Release|Any CPU
		{7F898B3A-DA17-4CAB-B387-5629B5FACA49}.Release RETRO|x86.ActiveCfg = Debug|Any CPU
		{7F898B3A-DA17-4CAB-B387-5629B5FACA49}.Release RETRO|x86.Build.0 = Debug|Any CPU
		{7F898B3A-DA17-4CAB-B387-5629B5FACA49}.Release|Any CPU.ActiveCfg = Release|Any CPU
		{7F898B3A-DA17-4CAB-B387-5629B5FACA49}.Release|x64.ActiveCfg = Release|Any CPU
		{7F898B3A-DA17-4CAB-B387-5629B5FACA49}.Release|x64.Build.0 = Release|Any CPU
		{7F898B3A-DA17-4CAB-B387-5629B5FACA49}.Release|x86.ActiveCfg = Debug|Any CPU
		{7F898B3A-DA17-4CAB-B387-5629B5FACA49}.Release|x86.Build.0 = Debug|Any CPU
		{978239D0-3129-4C54-AAC6-493F0DE48BF5}.Debug|Any CPU.ActiveCfg = Debug|Any CPU
		{978239D0-3129-4C54-AAC6-493F0DE48BF5}.Debug|Any CPU.Build.0 = Debug|Any CPU
		{978239D0-3129-4C54-AAC6-493F0DE48BF5}.Debug|x64.ActiveCfg = Debug|Any CPU
		{978239D0-3129-4C54-AAC6-493F0DE48BF5}.Debug|x64.Build.0 = Debug|Any CPU
		{978239D0-3129-4C54-AAC6-493F0DE48BF5}.Debug|x86.ActiveCfg = Debug|Any CPU
		{978239D0-3129-4C54-AAC6-493F0DE48BF5}.Debug|x86.Build.0 = Debug|Any CPU
		{978239D0-3129-4C54-AAC6-493F0DE48BF5}.Release (beta)|Any CPU.ActiveCfg = Release|Any CPU
		{978239D0-3129-4C54-AAC6-493F0DE48BF5}.Release (beta)|Any CPU.Build.0 = Release|Any CPU
		{978239D0-3129-4C54-AAC6-493F0DE48BF5}.Release (beta)|x64.ActiveCfg = Release|Any CPU
		{978239D0-3129-4C54-AAC6-493F0DE48BF5}.Release (beta)|x64.Build.0 = Release|Any CPU
		{978239D0-3129-4C54-AAC6-493F0DE48BF5}.Release (beta)|x86.ActiveCfg = Debug|Any CPU
		{978239D0-3129-4C54-AAC6-493F0DE48BF5}.Release (beta)|x86.Build.0 = Debug|Any CPU
		{978239D0-3129-4C54-AAC6-493F0DE48BF5}.Release RETRO|Any CPU.ActiveCfg = Release|Any CPU
		{978239D0-3129-4C54-AAC6-493F0DE48BF5}.Release RETRO|Any CPU.Build.0 = Release|Any CPU
		{978239D0-3129-4C54-AAC6-493F0DE48BF5}.Release RETRO|x64.ActiveCfg = Release|Any CPU
		{978239D0-3129-4C54-AAC6-493F0DE48BF5}.Release RETRO|x64.Build.0 = Release|Any CPU
		{978239D0-3129-4C54-AAC6-493F0DE48BF5}.Release RETRO|x86.ActiveCfg = Debug|Any CPU
		{978239D0-3129-4C54-AAC6-493F0DE48BF5}.Release RETRO|x86.Build.0 = Debug|Any CPU
		{978239D0-3129-4C54-AAC6-493F0DE48BF5}.Release|Any CPU.ActiveCfg = Release|Any CPU
		{978239D0-3129-4C54-AAC6-493F0DE48BF5}.Release|Any CPU.Build.0 = Release|Any CPU
		{978239D0-3129-4C54-AAC6-493F0DE48BF5}.Release|x64.ActiveCfg = Release|Any CPU
		{978239D0-3129-4C54-AAC6-493F0DE48BF5}.Release|x64.Build.0 = Release|Any CPU
		{978239D0-3129-4C54-AAC6-493F0DE48BF5}.Release|x86.ActiveCfg = Debug|Any CPU
		{978239D0-3129-4C54-AAC6-493F0DE48BF5}.Release|x86.Build.0 = Debug|Any CPU
		{C5F0111F-3F68-4A74-BB20-BB762564D080}.Debug|Any CPU.ActiveCfg = Debug|x86
		{C5F0111F-3F68-4A74-BB20-BB762564D080}.Debug|Any CPU.Build.0 = Debug|x86
		{C5F0111F-3F68-4A74-BB20-BB762564D080}.Debug|x64.ActiveCfg = Debug|x86
		{C5F0111F-3F68-4A74-BB20-BB762564D080}.Debug|x86.ActiveCfg = Debug|x86
		{C5F0111F-3F68-4A74-BB20-BB762564D080}.Debug|x86.Build.0 = Debug|x86
		{C5F0111F-3F68-4A74-BB20-BB762564D080}.Release (beta)|Any CPU.ActiveCfg = Release (beta)|x86
		{C5F0111F-3F68-4A74-BB20-BB762564D080}.Release (beta)|Any CPU.Build.0 = Release (beta)|x86
		{C5F0111F-3F68-4A74-BB20-BB762564D080}.Release (beta)|x64.ActiveCfg = Release (beta)|x86
		{C5F0111F-3F68-4A74-BB20-BB762564D080}.Release (beta)|x86.ActiveCfg = Release (beta)|x86
		{C5F0111F-3F68-4A74-BB20-BB762564D080}.Release (beta)|x86.Build.0 = Release (beta)|x86
		{C5F0111F-3F68-4A74-BB20-BB762564D080}.Release RETRO|Any CPU.ActiveCfg = Release|x86
		{C5F0111F-3F68-4A74-BB20-BB762564D080}.Release RETRO|Any CPU.Build.0 = Release|x86
		{C5F0111F-3F68-4A74-BB20-BB762564D080}.Release RETRO|x64.ActiveCfg = Release|x86
		{C5F0111F-3F68-4A74-BB20-BB762564D080}.Release RETRO|x64.Build.0 = Release|x86
		{C5F0111F-3F68-4A74-BB20-BB762564D080}.Release RETRO|x86.ActiveCfg = Release (beta)|x86
		{C5F0111F-3F68-4A74-BB20-BB762564D080}.Release RETRO|x86.Build.0 = Release (beta)|x86
		{C5F0111F-3F68-4A74-BB20-BB762564D080}.Release|Any CPU.ActiveCfg = Release|x86
		{C5F0111F-3F68-4A74-BB20-BB762564D080}.Release|Any CPU.Build.0 = Release|x86
		{C5F0111F-3F68-4A74-BB20-BB762564D080}.Release|x64.ActiveCfg = Release|x86
		{C5F0111F-3F68-4A74-BB20-BB762564D080}.Release|x86.ActiveCfg = Release|x86
		{C5F0111F-3F68-4A74-BB20-BB762564D080}.Release|x86.Build.0 = Release|x86
		{CC139E98-D847-41DA-B20F-8ACA4564F375}.Debug|Any CPU.ActiveCfg = Debug|Any CPU
		{CC139E98-D847-41DA-B20F-8ACA4564F375}.Debug|Any CPU.Build.0 = Debug|Any CPU
		{CC139E98-D847-41DA-B20F-8ACA4564F375}.Debug|x64.ActiveCfg = Debug|Any CPU
		{CC139E98-D847-41DA-B20F-8ACA4564F375}.Debug|x64.Build.0 = Debug|Any CPU
		{CC139E98-D847-41DA-B20F-8ACA4564F375}.Debug|x86.ActiveCfg = Debug|Any CPU
		{CC139E98-D847-41DA-B20F-8ACA4564F375}.Debug|x86.Build.0 = Debug|Any CPU
		{CC139E98-D847-41DA-B20F-8ACA4564F375}.Release (beta)|Any CPU.ActiveCfg = Release|Any CPU
		{CC139E98-D847-41DA-B20F-8ACA4564F375}.Release (beta)|Any CPU.Build.0 = Release|Any CPU
		{CC139E98-D847-41DA-B20F-8ACA4564F375}.Release (beta)|x64.ActiveCfg = Release|Any CPU
		{CC139E98-D847-41DA-B20F-8ACA4564F375}.Release (beta)|x64.Build.0 = Release|Any CPU
		{CC139E98-D847-41DA-B20F-8ACA4564F375}.Release (beta)|x86.ActiveCfg = Release|Any CPU
		{CC139E98-D847-41DA-B20F-8ACA4564F375}.Release (beta)|x86.Build.0 = Release|Any CPU
		{CC139E98-D847-41DA-B20F-8ACA4564F375}.Release RETRO|Any CPU.ActiveCfg = Release|Any CPU
		{CC139E98-D847-41DA-B20F-8ACA4564F375}.Release RETRO|Any CPU.Build.0 = Release|Any CPU
		{CC139E98-D847-41DA-B20F-8ACA4564F375}.Release RETRO|x64.ActiveCfg = Release|Any CPU
		{CC139E98-D847-41DA-B20F-8ACA4564F375}.Release RETRO|x64.Build.0 = Release|Any CPU
		{CC139E98-D847-41DA-B20F-8ACA4564F375}.Release RETRO|x86.ActiveCfg = Release|Any CPU
		{CC139E98-D847-41DA-B20F-8ACA4564F375}.Release RETRO|x86.Build.0 = Release|Any CPU
		{CC139E98-D847-41DA-B20F-8ACA4564F375}.Release|Any CPU.ActiveCfg = Release|Any CPU
		{CC139E98-D847-41DA-B20F-8ACA4564F375}.Release|Any CPU.Build.0 = Release|Any CPU
		{CC139E98-D847-41DA-B20F-8ACA4564F375}.Release|x64.ActiveCfg = Release|Any CPU
		{CC139E98-D847-41DA-B20F-8ACA4564F375}.Release|x64.Build.0 = Release|Any CPU
		{CC139E98-D847-41DA-B20F-8ACA4564F375}.Release|x86.ActiveCfg = Release|Any CPU
		{CC139E98-D847-41DA-B20F-8ACA4564F375}.Release|x86.Build.0 = Release|Any CPU
	EndGlobalSection
	GlobalSection(SolutionProperties) = preSolution
		HideSolutionNode = FALSE
	EndGlobalSection
	GlobalSection(ExtensibilityGlobals) = postSolution
		SolutionGuid = {9CE24B5B-1E55-4D98-AD78-31F9E11956C4}
	EndGlobalSection
EndGlobal
